// !$*UTF8*$!
{
	archiveVersion = 1;
	classes = {
	};
	objectVersion = 46;
	objects = {

/* Begin PBXBuildFile section */
		91541BD61D598F37001B5FF8 /* AppDelegate.swift in Sources */ = {isa = PBXBuildFile; fileRef = 91541BD51D598F37001B5FF8 /* AppDelegate.swift */; };
		91541BD81D598F37001B5FF8 /* SearchViewController.swift in Sources */ = {isa = PBXBuildFile; fileRef = 91541BD71D598F37001B5FF8 /* SearchViewController.swift */; };
		91541BDB1D598F37001B5FF8 /* Main.storyboard in Resources */ = {isa = PBXBuildFile; fileRef = 91541BD91D598F37001B5FF8 /* Main.storyboard */; };
		91541BDD1D598F37001B5FF8 /* Assets.xcassets in Resources */ = {isa = PBXBuildFile; fileRef = 91541BDC1D598F37001B5FF8 /* Assets.xcassets */; };
		91541BE01D598F37001B5FF8 /* LaunchScreen.storyboard in Resources */ = {isa = PBXBuildFile; fileRef = 91541BDE1D598F37001B5FF8 /* LaunchScreen.storyboard */; };
		91541BE81D59BAFA001B5FF8 /* SearchResult.swift in Sources */ = {isa = PBXBuildFile; fileRef = 91541BE71D59BAFA001B5FF8 /* SearchResult.swift */; };
		91541BEA1D59C3B6001B5FF8 /* SearchResultCell.xib in Resources */ = {isa = PBXBuildFile; fileRef = 91541BE91D59C3B6001B5FF8 /* SearchResultCell.xib */; };
		91541BEC1D59C7BA001B5FF8 /* SearchResultCell.swift in Sources */ = {isa = PBXBuildFile; fileRef = 91541BEB1D59C7BA001B5FF8 /* SearchResultCell.swift */; };
		91541BEE1D59CB0D001B5FF8 /* NothingFoundCell.xib in Resources */ = {isa = PBXBuildFile; fileRef = 91541BED1D59CB0D001B5FF8 /* NothingFoundCell.xib */; };
/* End PBXBuildFile section */

/* Begin PBXFileReference section */
		91541BD21D598F37001B5FF8 /* StoreSearch.app */ = {isa = PBXFileReference; explicitFileType = wrapper.application; includeInIndex = 0; path = StoreSearch.app; sourceTree = BUILT_PRODUCTS_DIR; };
		91541BD51D598F37001B5FF8 /* AppDelegate.swift */ = {isa = PBXFileReference; lastKnownFileType = sourcecode.swift; path = AppDelegate.swift; sourceTree = "<group>"; };
		91541BD71D598F37001B5FF8 /* SearchViewController.swift */ = {isa = PBXFileReference; lastKnownFileType = sourcecode.swift; path = SearchViewController.swift; sourceTree = "<group>"; };
		91541BDA1D598F37001B5FF8 /* Base */ = {isa = PBXFileReference; lastKnownFileType = file.storyboard; name = Base; path = Base.lproj/Main.storyboard; sourceTree = "<group>"; };
		91541BDC1D598F37001B5FF8 /* Assets.xcassets */ = {isa = PBXFileReference; lastKnownFileType = folder.assetcatalog; path = Assets.xcassets; sourceTree = "<group>"; };
		91541BDF1D598F37001B5FF8 /* Base */ = {isa = PBXFileReference; lastKnownFileType = file.storyboard; name = Base; path = Base.lproj/LaunchScreen.storyboard; sourceTree = "<group>"; };
		91541BE11D598F37001B5FF8 /* Info.plist */ = {isa = PBXFileReference; lastKnownFileType = text.plist.xml; path = Info.plist; sourceTree = "<group>"; };
		91541BE71D59BAFA001B5FF8 /* SearchResult.swift */ = {isa = PBXFileReference; fileEncoding = 4; lastKnownFileType = sourcecode.swift; path = SearchResult.swift; sourceTree = "<group>"; };
		91541BE91D59C3B6001B5FF8 /* SearchResultCell.xib */ = {isa = PBXFileReference; fileEncoding = 4; lastKnownFileType = file.xib; path = SearchResultCell.xib; sourceTree = "<group>"; };
		91541BEB1D59C7BA001B5FF8 /* SearchResultCell.swift */ = {isa = PBXFileReference; fileEncoding = 4; lastKnownFileType = sourcecode.swift; path = SearchResultCell.swift; sourceTree = "<group>"; };
		91541BED1D59CB0D001B5FF8 /* NothingFoundCell.xib */ = {isa = PBXFileReference; fileEncoding = 4; lastKnownFileType = file.xib; path = NothingFoundCell.xib; sourceTree = "<group>"; };
/* End PBXFileReference section */

/* Begin PBXFrameworksBuildPhase section */
		91541BCF1D598F37001B5FF8 /* Frameworks */ = {
			isa = PBXFrameworksBuildPhase;
			buildActionMask = 2147483647;
			files = (
			);
			runOnlyForDeploymentPostprocessing = 0;
		};
/* End PBXFrameworksBuildPhase section */

/* Begin PBXGroup section */
		91541BC91D598F37001B5FF8 = {
			isa = PBXGroup;
			children = (
				91541BD41D598F37001B5FF8 /* StoreSearch */,
				91541BD31D598F37001B5FF8 /* Products */,
			);
			sourceTree = "<group>";
		};
		91541BD31D598F37001B5FF8 /* Products */ = {
			isa = PBXGroup;
			children = (
				91541BD21D598F37001B5FF8 /* StoreSearch.app */,
			);
			name = Products;
			sourceTree = "<group>";
		};
		91541BD41D598F37001B5FF8 /* StoreSearch */ = {
			isa = PBXGroup;
			children = (
				91541BD51D598F37001B5FF8 /* AppDelegate.swift */,
				91541BD71D598F37001B5FF8 /* SearchViewController.swift */,
				91541BD91D598F37001B5FF8 /* Main.storyboard */,
				91541BDC1D598F37001B5FF8 /* Assets.xcassets */,
				91541BDE1D598F37001B5FF8 /* LaunchScreen.storyboard */,
				91541BE11D598F37001B5FF8 /* Info.plist */,
				91541BE71D59BAFA001B5FF8 /* SearchResult.swift */,
				91541BE91D59C3B6001B5FF8 /* SearchResultCell.xib */,
				91541BEB1D59C7BA001B5FF8 /* SearchResultCell.swift */,
				91541BED1D59CB0D001B5FF8 /* NothingFoundCell.xib */,
			);
			path = StoreSearch;
			sourceTree = "<group>";
		};
/* End PBXGroup section */

/* Begin PBXNativeTarget section */
		91541BD11D598F37001B5FF8 /* StoreSearch */ = {
			isa = PBXNativeTarget;
			buildConfigurationList = 91541BE41D598F37001B5FF8 /* Build configuration list for PBXNativeTarget "StoreSearch" */;
			buildPhases = (
				91541BCE1D598F37001B5FF8 /* Sources */,
				91541BCF1D598F37001B5FF8 /* Frameworks */,
				91541BD01D598F37001B5FF8 /* Resources */,
			);
			buildRules = (
			);
			dependencies = (
			);
			name = StoreSearch;
			productName = StoreSearch;
			productReference = 91541BD21D598F37001B5FF8 /* StoreSearch.app */;
			productType = "com.apple.product-type.application";
		};
/* End PBXNativeTarget section */

/* Begin PBXProject section */
		91541BCA1D598F37001B5FF8 /* Project object */ = {
			isa = PBXProject;
			attributes = {
				LastSwiftUpdateCheck = 0730;
				LastUpgradeCheck = 0730;
				ORGANIZATIONNAME = SeanPerez;
				TargetAttributes = {
					91541BD11D598F37001B5FF8 = {
						CreatedOnToolsVersion = 7.3.1;
						DevelopmentTeam = PW5CGBBSUC;
					};
				};
			};
			buildConfigurationList = 91541BCD1D598F37001B5FF8 /* Build configuration list for PBXProject "StoreSearch" */;
			compatibilityVersion = "Xcode 3.2";
			developmentRegion = English;
			hasScannedForEncodings = 0;
			knownRegions = (
				en,
				Base,
			);
			mainGroup = 91541BC91D598F37001B5FF8;
			productRefGroup = 91541BD31D598F37001B5FF8 /* Products */;
			projectDirPath = "";
			projectRoot = "";
			targets = (
				91541BD11D598F37001B5FF8 /* StoreSearch */,
			);
		};
/* End PBXProject section */

/* Begin PBXResourcesBuildPhase section */
		91541BD01D598F37001B5FF8 /* Resources */ = {
			isa = PBXResourcesBuildPhase;
			buildActionMask = 2147483647;
			files = (
				91541BE01D598F37001B5FF8 /* LaunchScreen.storyboard in Resources */,
				91541BDD1D598F37001B5FF8 /* Assets.xcassets in Resources */,
				91541BEA1D59C3B6001B5FF8 /* SearchResultCell.xib in Resources */,
				91541BEE1D59CB0D001B5FF8 /* NothingFoundCell.xib in Resources */,
				91541BDB1D598F37001B5FF8 /* Main.storyboard in Resources */,
			);
			runOnlyForDeploymentPostprocessing = 0;
		};
/* End PBXResourcesBuildPhase section */

/* Begin PBXSourcesBuildPhase section */
		91541BCE1D598F37001B5FF8 /* Sources */ = {
			isa = PBXSourcesBuildPhase;
			buildActionMask = 2147483647;
			files = (
				91541BD81D598F37001B5FF8 /* SearchViewController.swift in Sources */,
				91541BE81D59BAFA001B5FF8 /* SearchResult.swift in Sources */,
				91541BEC1D59C7BA001B5FF8 /* SearchResultCell.swift in Sources */,
				91541BD61D598F37001B5FF8 /* AppDelegate.swift in Sources */,
			);
			runOnlyForDeploymentPostprocessing = 0;
		};
/* End PBXSourcesBuildPhase section */

/* Begin PBXVariantGroup section */
		91541BD91D598F37001B5FF8 /* Main.storyboard */ = {
			isa = PBXVariantGroup;
			children = (
				91541BDA1D598F37001B5FF8 /* Base */,
			);
			name = Main.storyboard;
			sourceTree = "<group>";
		};
		91541BDE1D598F37001B5FF8 /* LaunchScreen.storyboard */ = {
			isa = PBXVariantGroup;
			children = (
				91541BDF1D598F37001B5FF8 /* Base */,
			);
			name = LaunchScreen.storyboard;
			sourceTree = "<group>";
		};
/* End PBXVariantGroup section */

/* Begin XCBuildConfiguration section */
		91541BE21D598F37001B5FF8 /* Debug */ = {
			isa = XCBuildConfiguration;
			buildSettings = {
				ALWAYS_SEARCH_USER_PATHS = NO;
				CLANG_ANALYZER_NONNULL = YES;
				CLANG_CXX_LANGUAGE_STANDARD = "gnu++0x";
				CLANG_CXX_LIBRARY = "libc++";
				CLANG_ENABLE_MODULES = YES;
				CLANG_ENABLE_OBJC_ARC = YES;
				CLANG_WARN_BOOL_CONVERSION = YES;
				CLANG_WARN_CONSTANT_CONVERSION = YES;
				CLANG_WARN_DIRECT_OBJC_ISA_USAGE = YES_ERROR;
				CLANG_WARN_EMPTY_BODY = YES;
				CLANG_WARN_ENUM_CONVERSION = YES;
				CLANG_WARN_INT_CONVERSION = YES;
				CLANG_WARN_OBJC_ROOT_CLASS = YES_ERROR;
				CLANG_WARN_UNREACHABLE_CODE = YES;
				CLANG_WARN__DUPLICATE_METHOD_MATCH = YES;
				"CODE_SIGN_IDENTITY[sdk=iphoneos*]" = "iPhone Developer";
				COPY_PHASE_STRIP = NO;
				DEBUG_INFORMATION_FORMAT = dwarf;
				ENABLE_STRICT_OBJC_MSGSEND = YES;
				ENABLE_TESTABILITY = YES;
				GCC_C_LANGUAGE_STANDARD = gnu99;
				GCC_DYNAMIC_NO_PIC = NO;
				GCC_NO_COMMON_BLOCKS = YES;
				GCC_OPTIMIZATION_LEVEL = 0;
				GCC_PREPROCESSOR_DEFINITIONS = (
					"DEBUG=1",
					"$(inherited)",
				);
				GCC_WARN_64_TO_32_BIT_CONVERSION = YES;
				GCC_WARN_ABOUT_RETURN_TYPE = YES_ERROR;
				GCC_WARN_UNDECLARED_SELECTOR = YES;
				GCC_WARN_UNINITIALIZED_AUTOS = YES_AGGRESSIVE;
				GCC_WARN_UNUSED_FUNCTION = YES;
				GCC_WARN_UNUSED_VARIABLE = YES;
				IPHONEOS_DEPLOYMENT_TARGET = 9.3;
				MTL_ENABLE_DEBUG_INFO = YES;
				ONLY_ACTIVE_ARCH = YES;
				SDKROOT = iphoneos;
				SWIFT_OPTIMIZATION_LEVEL = "-Onone";
				TARGETED_DEVICE_FAMILY = "1,2";
			};
			name = Debug;
		};
		91541BE31D598F37001B5FF8 /* Release */ = {
			isa = XCBuildConfiguration;
			buildSettings = {
				ALWAYS_SEARCH_USER_PATHS = NO;
				CLANG_ANALYZER_NONNULL = YES;
				CLANG_CXX_LANGUAGE_STANDARD = "gnu++0x";
				CLANG_CXX_LIBRARY = "libc++";
				CLANG_ENABLE_MODULES = YES;
				CLANG_ENABLE_OBJC_ARC = YES;
				CLANG_WARN_BOOL_CONVERSION = YES;
				CLANG_WARN_CONSTANT_CONVERSION = YES;
				CLANG_WARN_DIRECT_OBJC_ISA_USAGE = YES_ERROR;
				CLANG_WARN_EMPTY_BODY = YES;
				CLANG_WARN_ENUM_CONVERSION = YES;
				CLANG_WARN_INT_CONVERSION = YES;
				CLANG_WARN_OBJC_ROOT_CLASS = YES_ERROR;
				CLANG_WARN_UNREACHABLE_CODE = YES;
				CLANG_WARN__DUPLICATE_METHOD_MATCH = YES;
				"CODE_SIGN_IDENTITY[sdk=iphoneos*]" = "iPhone Developer";
				COPY_PHASE_STRIP = NO;
				DEBUG_INFORMATION_FORMAT = "dwarf-with-dsym";
				ENABLE_NS_ASSERTIONS = NO;
				ENABLE_STRICT_OBJC_MSGSEND = YES;
				GCC_C_LANGUAGE_STANDARD = gnu99;
				GCC_NO_COMMON_BLOCKS = YES;
				GCC_WARN_64_TO_32_BIT_CONVERSION = YES;
				GCC_WARN_ABOUT_RETURN_TYPE = YES_ERROR;
				GCC_WARN_UNDECLARED_SELECTOR = YES;
				GCC_WARN_UNINITIALIZED_AUTOS = YES_AGGRESSIVE;
				GCC_WARN_UNUSED_FUNCTION = YES;
				GCC_WARN_UNUSED_VARIABLE = YES;
				IPHONEOS_DEPLOYMENT_TARGET = 9.3;
				MTL_ENABLE_DEBUG_INFO = NO;
				SDKROOT = iphoneos;
				TARGETED_DEVICE_FAMILY = "1,2";
				VALIDATE_PRODUCT = YES;
			};
			name = Release;
		};
		91541BE51D598F37001B5FF8 /* Debug */ = {
			isa = XCBuildConfiguration;
			buildSettings = {
				ASSETCATALOG_COMPILER_APPICON_NAME = AppIcon;
				INFOPLIST_FILE = StoreSearch/Info.plist;
				LD_RUNPATH_SEARCH_PATHS = "$(inherited) @executable_path/Frameworks";
				PRODUCT_BUNDLE_IDENTIFIER = com.SeanPerez.StoreSearch;
				PRODUCT_NAME = "$(TARGET_NAME)";
			};
			name = Debug;
		};
		91541BE61D598F37001B5FF8 /* Release */ = {
			isa = XCBuildConfiguration;
			buildSettings = {
				ASSETCATALOG_COMPILER_APPICON_NAME = AppIcon;
				INFOPLIST_FILE = StoreSearch/Info.plist;
				LD_RUNPATH_SEARCH_PATHS = "$(inherited) @executable_path/Frameworks";
				PRODUCT_BUNDLE_IDENTIFIER = com.SeanPerez.StoreSearch;
				PRODUCT_NAME = "$(TARGET_NAME)";
			};
			name = Release;
		};
/* End XCBuildConfiguration section */

/* Begin XCConfigurationList section */
		91541BCD1D598F37001B5FF8 /* Build configuration list for PBXProject "StoreSearch" */ = {
			isa = XCConfigurationList;
			buildConfigurations = (
				91541BE21D598F37001B5FF8 /* Debug */,
				91541BE31D598F37001B5FF8 /* Release */,
			);
			defaultConfigurationIsVisible = 0;
			defaultConfigurationName = Release;
		};
		91541BE41D598F37001B5FF8 /* Build configuration list for PBXNativeTarget "StoreSearch" */ = {
			isa = XCConfigurationList;
			buildConfigurations = (
				91541BE51D598F37001B5FF8 /* Debug */,
				91541BE61D598F37001B5FF8 /* Release */,
			);
			defaultConfigurationIsVisible = 0;
			defaultConfigurationName = Release;
		};
/* End XCConfigurationList section */
	};
	rootObject = 91541BCA1D598F37001B5FF8 /* Project object */;
}
